
Microsoft Visual Studio Solution File, Format Version 12.00
# Visual Studio Version 17
VisualStudioVersion = 17.0.31903.59
MinimumVisualStudioVersion = 10.0.40219.1
Project("{2150E333-8FDC-42A3-9474-1A3956D46DE8}") = "src", "src", "{827E0CD3-B72D-47B6-A68D-7590B98EB39B}"
EndProject
Project("{FAE04EC0-301F-11D3-BF4B-00C04F79EFBC}") = "GServ", "src\GServ\GServ.csproj", "{8D3F8B4F-A8D8-44B9-BA31-9C2A4B61A743}"
EndProject
Project("{FAE04EC0-301F-11D3-BF4B-00C04F79EFBC}") = "GServ.Core", "src\GServ.Core\GServ.Core.csproj", "{0C93BCCA-66AB-4E2F-A5B0-254AF40625DD}"
EndProject
Project("{FAE04EC0-301F-11D3-BF4B-00C04F79EFBC}") = "GServ.Protocol", "src\GServ.Protocol\GServ.Protocol.csproj", "{B830D3E2-9495-4BF1-AC25-E907E5E5BCCE}"
EndProject
Project("{FAE04EC0-301F-11D3-BF4B-00C04F79EFBC}") = "GServ.Network", "src\GServ.Network\GServ.Network.csproj", "{4892F0B6-B9EC-4E53-8100-177157E36048}"
EndProject
Project("{FAE04EC0-301F-11D3-BF4B-00C04F79EFBC}") = "GServ.Persistence.FlatFiles", "src\GServ.Persistence.FlatFiles\GServ.Persistence.FlatFiles.csproj", "{DBF5CBCB-ED8C-49E3-8AC1-947B429A35C9}"
EndProject
Project("{FAE04EC0-301F-11D3-BF4B-00C04F79EFBC}") = "GServ.Game", "src\GServ.Game\GServ.Game.csproj", "{7A5217D6-9211-4527-89CD-896887B1D820}"
EndProject
Project("{FAE04EC0-301F-11D3-BF4B-00C04F79EFBC}") = "GServ.Admin", "src\GServ.Admin\GServ.Admin.csproj", "{1AF66AB8-2A1F-4A7B-9B0C-229D7F27923E}"
EndProject
Project("{FAE04EC0-301F-11D3-BF4B-00C04F79EFBC}") = "GServ.Protocol.Tests", "tests\GServ.Protocol.Tests\GServ.Protocol.Tests.csproj", "{45B11771-702E-44DC-BE1A-F04B5963487B}"
EndProject
Global
	GlobalSection(SolutionConfigurationPlatforms) = preSolution
		Debug|Any CPU = Debug|Any CPU
		Debug|x64 = Debug|x64
		Debug|x86 = Debug|x86
		Release|Any CPU = Release|Any CPU
		Release|x64 = Release|x64
		Release|x86 = Release|x86
	EndGlobalSection
	GlobalSection(ProjectConfigurationPlatforms) = postSolution
		{8D3F8B4F-A8D8-44B9-BA31-9C2A4B61A743}.Debug|Any CPU.ActiveCfg = Debug|Any CPU
		{8D3F8B4F-A8D8-44B9-BA31-9C2A4B61A743}.Debug|Any CPU.Build.0 = Debug|Any CPU
		{8D3F8B4F-A8D8-44B9-BA31-9C2A4B61A743}.Debug|x64.ActiveCfg = Debug|Any CPU
		{8D3F8B4F-A8D8-44B9-BA31-9C2A4B61A743}.Debug|x64.Build.0 = Debug|Any CPU
		{8D3F8B4F-A8D8-44B9-BA31-9C2A4B61A743}.Debug|x86.ActiveCfg = Debug|Any CPU
		{8D3F8B4F-A8D8-44B9-BA31-9C2A4B61A743}.Debug|x86.Build.0 = Debug|Any CPU
		{8D3F8B4F-A8D8-44B9-BA31-9C2A4B61A743}.Release|Any CPU.ActiveCfg = Release|Any CPU
		{8D3F8B4F-A8D8-44B9-BA31-9C2A4B61A743}.Release|Any CPU.Build.0 = Release|Any CPU
		{8D3F8B4F-A8D8-44B9-BA31-9C2A4B61A743}.Release|x64.ActiveCfg = Release|Any CPU
		{8D3F8B4F-A8D8-44B9-BA31-9C2A4B61A743}.Release|x64.Build.0 = Release|Any CPU
		{8D3F8B4F-A8D8-44B9-BA31-9C2A4B61A743}.Release|x86.ActiveCfg = Release|Any CPU
		{8D3F8B4F-A8D8-44B9-BA31-9C2A4B61A743}.Release|x86.Build.0 = Release|Any CPU
		{0C93BCCA-66AB-4E2F-A5B0-254AF40625DD}.Debug|Any CPU.ActiveCfg = Debug|Any CPU
		{0C93BCCA-66AB-4E2F-A5B0-254AF40625DD}.Debug|Any CPU.Build.0 = Debug|Any CPU
		{0C93BCCA-66AB-4E2F-A5B0-254AF40625DD}.Debug|x64.ActiveCfg = Debug|Any CPU
		{0C93BCCA-66AB-4E2F-A5B0-254AF40625DD}.Debug|x64.Build.0 = Debug|Any CPU
		{0C93BCCA-66AB-4E2F-A5B0-254AF40625DD}.Debug|x86.ActiveCfg = Debug|Any CPU
		{0C93BCCA-66AB-4E2F-A5B0-254AF40625DD}.Debug|x86.Build.0 = Debug|Any CPU
		{0C93BCCA-66AB-4E2F-A5B0-254AF40625DD}.Release|Any CPU.ActiveCfg = Release|Any CPU
		{0C93BCCA-66AB-4E2F-A5B0-254AF40625DD}.Release|Any CPU.Build.0 = Release|Any CPU
		{0C93BCCA-66AB-4E2F-A5B0-254AF40625DD}.Release|x64.ActiveCfg = Release|Any CPU
		{0C93BCCA-66AB-4E2F-A5B0-254AF40625DD}.Release|x64.Build.0 = Release|Any CPU
		{0C93BCCA-66AB-4E2F-A5B0-254AF40625DD}.Release|x86.ActiveCfg = Release|Any CPU
		{0C93BCCA-66AB-4E2F-A5B0-254AF40625DD}.Release|x86.Build.0 = Release|Any CPU
		{B830D3E2-9495-4BF1-AC25-E907E5E5BCCE}.Debug|Any CPU.ActiveCfg = Debug|Any CPU
		{B830D3E2-9495-4BF1-AC25-E907E5E5BCCE}.Debug|Any CPU.Build.0 = Debug|Any CPU
		{B830D3E2-9495-4BF1-AC25-E907E5E5BCCE}.Debug|x64.ActiveCfg = Debug|Any CPU
		{B830D3E2-9495-4BF1-AC25-E907E5E5BCCE}.Debug|x64.Build.0 = Debug|Any CPU
		{B830D3E2-9495-4BF1-AC25-E907E5E5BCCE}.Debug|x86.ActiveCfg = Debug|Any CPU
		{B830D3E2-9495-4BF1-AC25-E907E5E5BCCE}.Debug|x86.Build.0 = Debug|Any CPU
		{B830D3E2-9495-4BF1-AC25-E907E5E5BCCE}.Release|Any CPU.ActiveCfg = Release|Any CPU
		{B830D3E2-9495-4BF1-AC25-E907E5E5BCCE}.Release|Any CPU.Build.0 = Release|Any CPU
		{B830D3E2-9495-4BF1-AC25-E907E5E5BCCE}.Release|x64.ActiveCfg = Release|Any CPU
		{B830D3E2-9495-4BF1-AC25-E907E5E5BCCE}.Release|x64.Build.0 = Release|Any CPU
		{B830D3E2-9495-4BF1-AC25-E907E5E5BCCE}.Release|x86.ActiveCfg = Release|Any CPU
		{B830D3E2-9495-4BF1-AC25-E907E5E5BCCE}.Release|x86.Build.0 = Release|Any CPU
		{4892F0B6-B9EC-4E53-8100-177157E36048}.Debug|Any CPU.ActiveCfg = Debug|Any CPU
		{4892F0B6-B9EC-4E53-8100-177157E36048}.Debug|Any CPU.Build.0 = Debug|Any CPU
		{4892F0B6-B9EC-4E53-8100-177157E36048}.Debug|x64.ActiveCfg = Debug|Any CPU
		{4892F0B6-B9EC-4E53-8100-177157E36048}.Debug|x64.Build.0 = Debug|Any CPU
		{4892F0B6-B9EC-4E53-8100-177157E36048}.Debug|x86.ActiveCfg = Debug|Any CPU
		{4892F0B6-B9EC-4E53-8100-177157E36048}.Debug|x86.Build.0 = Debug|Any CPU
		{4892F0B6-B9EC-4E53-8100-177157E36048}.Release|Any CPU.ActiveCfg = Release|Any CPU
		{4892F0B6-B9EC-4E53-8100-177157E36048}.Release|Any CPU.Build.0 = Release|Any CPU
		{4892F0B6-B9EC-4E53-8100-177157E36048}.Release|x64.ActiveCfg = Release|Any CPU
		{4892F0B6-B9EC-4E53-8100-177157E36048}.Release|x64.Build.0 = Release|Any CPU
		{4892F0B6-B9EC-4E53-8100-177157E36048}.Release|x86.ActiveCfg = Release|Any CPU
		{4892F0B6-B9EC-4E53-8100-177157E36048}.Release|x86.Build.0 = Release|Any CPU
		{DBF5CBCB-ED8C-49E3-8AC1-947B429A35C9}.Debug|Any CPU.ActiveCfg = Debug|Any CPU
		{DBF5CBCB-ED8C-49E3-8AC1-947B429A35C9}.Debug|Any CPU.Build.0 = Debug|Any CPU
		{DBF5CBCB-ED8C-49E3-8AC1-947B429A35C9}.Debug|x64.ActiveCfg = Debug|Any CPU
		{DBF5CBCB-ED8C-49E3-8AC1-947B429A35C9}.Debug|x64.Build.0 = Debug|Any CPU
		{DBF5CBCB-ED8C-49E3-8AC1-947B429A35C9}.Debug|x86.ActiveCfg = Debug|Any CPU
		{DBF5CBCB-ED8C-49E3-8AC1-947B429A35C9}.Debug|x86.Build.0 = Debug|Any CPU
		{DBF5CBCB-ED8C-49E3-8AC1-947B429A35C9}.Release|Any CPU.ActiveCfg = Release|Any CPU
		{DBF5CBCB-ED8C-49E3-8AC1-947B429A35C9}.Release|Any CPU.Build.0 = Release|Any CPU
		{DBF5CBCB-ED8C-49E3-8AC1-947B429A35C9}.Release|x64.ActiveCfg = Release|Any CPU
		{DBF5CBCB-ED8C-49E3-8AC1-947B429A35C9}.Release|x64.Build.0 = Release|Any CPU
		{DBF5CBCB-ED8C-49E3-8AC1-947B429A35C9}.Release|x86.ActiveCfg = Release|Any CPU
		{DBF5CBCB-ED8C-49E3-8AC1-947B429A35C9}.Release|x86.Build.0 = Release|Any CPU
		{7A5217D6-9211-4527-89CD-896887B1D820}.Debug|Any CPU.ActiveCfg = Debug|Any CPU
		{7A5217D6-9211-4527-89CD-896887B1D820}.Debug|Any CPU.Build.0 = Debug|Any CPU
		{7A5217D6-9211-4527-89CD-896887B1D820}.Debug|x64.ActiveCfg = Debug|Any CPU
		{7A5217D6-9211-4527-89CD-896887B1D820}.Debug|x64.Build.0 = Debug|Any CPU
		{7A5217D6-9211-4527-89CD-896887B1D820}.Debug|x86.ActiveCfg = Debug|Any CPU
		{7A5217D6-9211-4527-89CD-896887B1D820}.Debug|x86.Build.0 = Debug|Any CPU
		{7A5217D6-9211-4527-89CD-896887B1D820}.Release|Any CPU.ActiveCfg = Release|Any CPU
		{7A5217D6-9211-4527-89CD-896887B1D820}.Release|Any CPU.Build.0 = Release|Any CPU
		{7A5217D6-9211-4527-89CD-896887B1D820}.Release|x64.ActiveCfg = Release|Any CPU
		{7A5217D6-9211-4527-89CD-896887B1D820}.Release|x64.Build.0 = Release|Any CPU
		{7A5217D6-9211-4527-89CD-896887B1D820}.Release|x86.ActiveCfg = Release|Any CPU
		{7A5217D6-9211-4527-89CD-896887B1D820}.Release|x86.Build.0 = Release|Any CPU
		{1AF66AB8-2A1F-4A7B-9B0C-229D7F27923E}.Debug|Any CPU.ActiveCfg = Debug|Any CPU
		{1AF66AB8-2A1F-4A7B-9B0C-229D7F27923E}.Debug|Any CPU.Build.0 = Debug|Any CPU
		{1AF66AB8-2A1F-4A7B-9B0C-229D7F27923E}.Debug|x64.ActiveCfg = Debug|Any CPU
		{1AF66AB8-2A1F-4A7B-9B0C-229D7F27923E}.Debug|x64.Build.0 = Debug|Any CPU
		{1AF66AB8-2A1F-4A7B-9B0C-229D7F27923E}.Debug|x86.ActiveCfg = Debug|Any CPU
		{1AF66AB8-2A1F-4A7B-9B0C-229D7F27923E}.Debug|x86.Build.0 = Debug|Any CPU
		{1AF66AB8-2A1F-4A7B-9B0C-229D7F27923E}.Release|Any CPU.ActiveCfg = Release|Any CPU
		{1AF66AB8-2A1F-4A7B-9B0C-229D7F27923E}.Release|Any CPU.Build.0 = Release|Any CPU
		{1AF66AB8-2A1F-4A7B-9B0C-229D7F27923E}.Release|x64.ActiveCfg = Release|Any CPU
		{1AF66AB8-2A1F-4A7B-9B0C-229D7F27923E}.Release|x64.Build.0 = Release|Any CPU
		{1AF66AB8-2A1F-4A7B-9B0C-229D7F27923E}.Release|x86.ActiveCfg = Release|Any CPU
		{1AF66AB8-2A1F-4A7B-9B0C-229D7F27923E}.Release|x86.Build.0 = Release|Any CPU
		{45B11771-702E-44DC-BE1A-F04B5963487B}.Debug|Any CPU.ActiveCfg = Debug|Any CPU
		{45B11771-702E-44DC-BE1A-F04B5963487B}.Debug|Any CPU.Build.0 = Debug|Any CPU
		{45B11771-702E-44DC-BE1A-F04B5963487B}.Debug|x64.ActiveCfg = Debug|Any CPU
		{45B11771-702E-44DC-BE1A-F04B5963487B}.Debug|x64.Build.0 = Debug|Any CPU
		{45B11771-702E-44DC-BE1A-F04B5963487B}.Debug|x86.ActiveCfg = Debug|Any CPU
		{45B11771-702E-44DC-BE1A-F04B5963487B}.Debug|x86.Build.0 = Debug|Any CPU
		{45B11771-702E-44DC-BE1A-F04B5963487B}.Release|Any CPU.ActiveCfg = Release|Any CPU
		{45B11771-702E-44DC-BE1A-F04B5963487B}.Release|Any CPU.Build.0 = Release|Any CPU
		{45B11771-702E-44DC-BE1A-F04B5963487B}.Release|x64.ActiveCfg = Release|Any CPU
		{45B11771-702E-44DC-BE1A-F04B5963487B}.Release|x64.Build.0 = Release|Any CPU
		{45B11771-702E-44DC-BE1A-F04B5963487B}.Release|x86.ActiveCfg = Release|Any CPU
		{45B11771-702E-44DC-BE1A-F04B5963487B}.Release|x86.Build.0 = Release|Any CPU
	EndGlobalSection
	GlobalSection(SolutionProperties) = preSolution
		HideSolutionNode = FALSE
	EndGlobalSection
	GlobalSection(NestedProjects) = preSolution
		{8D3F8B4F-A8D8-44B9-BA31-9C2A4B61A743} = {827E0CD3-B72D-47B6-A68D-7590B98EB39B}
		{0C93BCCA-66AB-4E2F-A5B0-254AF40625DD} = {827E0CD3-B72D-47B6-A68D-7590B98EB39B}
		{B830D3E2-9495-4BF1-AC25-E907E5E5BCCE} = {827E0CD3-B72D-47B6-A68D-7590B98EB39B}
		{4892F0B6-B9EC-4E53-8100-177157E36048} = {827E0CD3-B72D-47B6-A68D-7590B98EB39B}
		{DBF5CBCB-ED8C-49E3-8AC1-947B429A35C9} = {827E0CD3-B72D-47B6-A68D-7590B98EB39B}
		{7A5217D6-9211-4527-89CD-896887B1D820} = {827E0CD3-B72D-47B6-A68D-7590B98EB39B}
		{1AF66AB8-2A1F-4A7B-9B0C-229D7F27923E} = {827E0CD3-B72D-47B6-A68D-7590B98EB39B}
		{45B11771-702E-44DC-BE1A-F04B5963487B} = {827E0CD3-B72D-47B6-A68D-7590B98EB39B}
	EndGlobalSection
EndGlobal
